
Microsoft Visual Studio Solution File, Format Version 12.00
# Visual Studio Version 17
VisualStudioVersion = 17.5.002.0
MinimumVisualStudioVersion = 10.0.40219.1
Project("{9A19103F-16F7-4668-BE54-9A1E7A4F7556}") = "api", "api\api.csproj", "{1F3D221B-DEB4-4B69-A331-AEAAA7C31BD2}"
EndProject
Global
	GlobalSection(SolutionConfigurationPlatforms) = preSolution
		Debug|Any CPU = Debug|Any CPU
		Release|Any CPU = Release|Any CPU
	EndGlobalSection
	GlobalSection(ProjectConfigurationPlatforms) = postSolution
		{1F3D221B-DEB4-4B69-A331-AEAAA7C31BD2}.Debug|Any CPU.ActiveCfg = Debug|Any CPU
		{1F3D221B-DEB4-4B69-A331-AEAAA7C31BD2}.Debug|Any CPU.Build.0 = Debug|Any CPU
		{1F3D221B-DEB4-4B69-A331-AEAAA7C31BD2}.Release|Any CPU.ActiveCfg = Release|Any CPU
		{1F3D221B-DEB4-4B69-A331-AEAAA7C31BD2}.Release|Any CPU.Build.0 = Release|Any CPU
	EndGlobalSection
	GlobalSection(SolutionProperties) = preSolution
		HideSolutionNode = FALSE
	EndGlobalSection
	GlobalSection(ExtensibilityGlobals) = postSolution
		SolutionGuid = {646DBCA5-E76C-4686-B8AA-217980D2A0A9}
	EndGlobalSection
EndGlobal
